
Microsoft Visual Studio Solution File, Format Version 12.00
# Visual Studio Version 17
VisualStudioVersion = 17.2.32630.192
MinimumVisualStudioVersion = 10.0.40219.1
Project("{9A19103F-16F7-4668-BE54-9A1E7A4F7556}") = "Sample.FunctionApp", "Sample.FunctionApp\Sample.FunctionApp.csproj", "{77569630-EC19-4D65-BBC2-629433BF3BE7}"
EndProject
Project("{9A19103F-16F7-4668-BE54-9A1E7A4F7556}") = "Sample.FunctionApp.Tests", "Sample.FunctionApp.Tests\Sample.FunctionApp.Tests.csproj", "{A6F1D114-7569-4030-816B-C76C0BB8943E}"
EndProject
Project("{FAE04EC0-301F-11D3-BF4B-00C04F79EFBC}") = "Sample.FunctionApp.MsgBlaster", "Sample.FunctionApp.MsgBlaster\Sample.FunctionApp.MsgBlaster.csproj", "{D7FF128B-B323-4B8F-858C-BD28F4EFECE3}"
EndProject
Global
	GlobalSection(SolutionConfigurationPlatforms) = preSolution
		Debug|Any CPU = Debug|Any CPU
		Release|Any CPU = Release|Any CPU
	EndGlobalSection
	GlobalSection(ProjectConfigurationPlatforms) = postSolution
		{77569630-EC19-4D65-BBC2-629433BF3BE7}.Debug|Any CPU.ActiveCfg = Debug|Any CPU
		{77569630-EC19-4D65-BBC2-629433BF3BE7}.Debug|Any CPU.Build.0 = Debug|Any CPU
		{77569630-EC19-4D65-BBC2-629433BF3BE7}.Release|Any CPU.ActiveCfg = Release|Any CPU
		{77569630-EC19-4D65-BBC2-629433BF3BE7}.Release|Any CPU.Build.0 = Release|Any CPU
		{A6F1D114-7569-4030-816B-C76C0BB8943E}.Debug|Any CPU.ActiveCfg = Debug|Any CPU
		{A6F1D114-7569-4030-816B-C76C0BB8943E}.Debug|Any CPU.Build.0 = Debug|Any CPU
		{A6F1D114-7569-4030-816B-C76C0BB8943E}.Release|Any CPU.ActiveCfg = Release|Any CPU
		{A6F1D114-7569-4030-816B-C76C0BB8943E}.Release|Any CPU.Build.0 = Release|Any CPU
		{D7FF128B-B323-4B8F-858C-BD28F4EFECE3}.Debug|Any CPU.ActiveCfg = Debug|Any CPU
		{D7FF128B-B323-4B8F-858C-BD28F4EFECE3}.Debug|Any CPU.Build.0 = Debug|Any CPU
		{D7FF128B-B323-4B8F-858C-BD28F4EFECE3}.Release|Any CPU.ActiveCfg = Release|Any CPU
		{D7FF128B-B323-4B8F-858C-BD28F4EFECE3}.Release|Any CPU.Build.0 = Release|Any CPU
	EndGlobalSection
	GlobalSection(SolutionProperties) = preSolution
		HideSolutionNode = FALSE
	EndGlobalSection
	GlobalSection(ExtensibilityGlobals) = postSolution
		SolutionGuid = {E8A45A59-9CC5-4FF9-8483-EA641E8E5BD9}
	EndGlobalSection
EndGlobal
